// !$*UTF8*$!
{
	archiveVersion = 1;
	classes = {
	};
	objectVersion = 55;
	objects = {

/* Begin PBXBuildFile section */
		211CB25A27EB237A0021077B /* Tests_iOS.swift in Sources */ = {isa = PBXBuildFile; fileRef = 211CB25927EB237A0021077B /* Tests_iOS.swift */; };
		211CB25C27EB237A0021077B /* Tests_iOSLaunchTests.swift in Sources */ = {isa = PBXBuildFile; fileRef = 211CB25B27EB237A0021077B /* Tests_iOSLaunchTests.swift */; };
		211CB26627EB237A0021077B /* Tests_macOS.swift in Sources */ = {isa = PBXBuildFile; fileRef = 211CB26527EB237A0021077B /* Tests_macOS.swift */; };
		211CB26827EB237A0021077B /* Tests_macOSLaunchTests.swift in Sources */ = {isa = PBXBuildFile; fileRef = 211CB26727EB237A0021077B /* Tests_macOSLaunchTests.swift */; };
		211CB26927EB237A0021077B /* WaitAppApp.swift in Sources */ = {isa = PBXBuildFile; fileRef = 211CB24127EB23790021077B /* WaitAppApp.swift */; };
		211CB26A27EB237A0021077B /* WaitAppApp.swift in Sources */ = {isa = PBXBuildFile; fileRef = 211CB24127EB23790021077B /* WaitAppApp.swift */; };
		211CB26B27EB237A0021077B /* ContentView.swift in Sources */ = {isa = PBXBuildFile; fileRef = 211CB24227EB23790021077B /* ContentView.swift */; };
		211CB26C27EB237A0021077B /* ContentView.swift in Sources */ = {isa = PBXBuildFile; fileRef = 211CB24227EB23790021077B /* ContentView.swift */; };
		211CB26D27EB237A0021077B /* Assets.xcassets in Resources */ = {isa = PBXBuildFile; fileRef = 211CB24327EB237A0021077B /* Assets.xcassets */; };
		211CB26E27EB237A0021077B /* Assets.xcassets in Resources */ = {isa = PBXBuildFile; fileRef = 211CB24327EB237A0021077B /* Assets.xcassets */; };
/* End PBXBuildFile section */

/* Begin PBXContainerItemProxy section */
		211CB25627EB237A0021077B /* PBXContainerItemProxy */ = {
			isa = PBXContainerItemProxy;
			containerPortal = 211CB23C27EB23790021077B /* Project object */;
			proxyType = 1;
			remoteGlobalIDString = 211CB24727EB237A0021077B;
			remoteInfo = "WaitApp (iOS)";
		};
		211CB26227EB237A0021077B /* PBXContainerItemProxy */ = {
			isa = PBXContainerItemProxy;
			containerPortal = 211CB23C27EB23790021077B /* Project object */;
			proxyType = 1;
			remoteGlobalIDString = 211CB24D27EB237A0021077B;
			remoteInfo = "WaitApp (macOS)";
		};
/* End PBXContainerItemProxy section */

/* Begin PBXFileReference section */
		211CB24127EB23790021077B /* WaitAppApp.swift */ = {isa = PBXFileReference; lastKnownFileType = sourcecode.swift; path = WaitAppApp.swift; sourceTree = "<group>"; };
		211CB24227EB23790021077B /* ContentView.swift */ = {isa = PBXFileReference; lastKnownFileType = sourcecode.swift; path = ContentView.swift; sourceTree = "<group>"; };
		211CB24327EB237A0021077B /* Assets.xcassets */ = {isa = PBXFileReference; lastKnownFileType = folder.assetcatalog; path = Assets.xcassets; sourceTree = "<group>"; };
		211CB24827EB237A0021077B /* WaitApp.app */ = {isa = PBXFileReference; explicitFileType = wrapper.application; includeInIndex = 0; path = WaitApp.app; sourceTree = BUILT_PRODUCTS_DIR; };
		211CB24E27EB237A0021077B /* WaitApp.app */ = {isa = PBXFileReference; explicitFileType = wrapper.application; includeInIndex = 0; path = WaitApp.app; sourceTree = BUILT_PRODUCTS_DIR; };
		211CB25027EB237A0021077B /* macOS.entitlements */ = {isa = PBXFileReference; lastKnownFileType = text.plist.entitlements; path = macOS.entitlements; sourceTree = "<group>"; };
		211CB25527EB237A0021077B /* Tests iOS.xctest */ = {isa = PBXFileReference; explicitFileType = wrapper.cfbundle; includeInIndex = 0; path = "Tests iOS.xctest"; sourceTree = BUILT_PRODUCTS_DIR; };
		211CB25927EB237A0021077B /* Tests_iOS.swift */ = {isa = PBXFileReference; lastKnownFileType = sourcecode.swift; path = Tests_iOS.swift; sourceTree = "<group>"; };
		211CB25B27EB237A0021077B /* Tests_iOSLaunchTests.swift */ = {isa = PBXFileReference; lastKnownFileType = sourcecode.swift; path = Tests_iOSLaunchTests.swift; sourceTree = "<group>"; };
		211CB26127EB237A0021077B /* Tests macOS.xctest */ = {isa = PBXFileReference; explicitFileType = wrapper.cfbundle; includeInIndex = 0; path = "Tests macOS.xctest"; sourceTree = BUILT_PRODUCTS_DIR; };
		211CB26527EB237A0021077B /* Tests_macOS.swift */ = {isa = PBXFileReference; lastKnownFileType = sourcecode.swift; path = Tests_macOS.swift; sourceTree = "<group>"; };
		211CB26727EB237A0021077B /* Tests_macOSLaunchTests.swift */ = {isa = PBXFileReference; lastKnownFileType = sourcecode.swift; path = Tests_macOSLaunchTests.swift; sourceTree = "<group>"; };
/* End PBXFileReference section */

/* Begin PBXFrameworksBuildPhase section */
		211CB24527EB237A0021077B /* Frameworks */ = {
			isa = PBXFrameworksBuildPhase;
			buildActionMask = 2147483647;
			files = (
			);
			runOnlyForDeploymentPostprocessing = 0;
		};
		211CB24B27EB237A0021077B /* Frameworks */ = {
			isa = PBXFrameworksBuildPhase;
			buildActionMask = 2147483647;
			files = (
			);
			runOnlyForDeploymentPostprocessing = 0;
		};
		211CB25227EB237A0021077B /* Frameworks */ = {
			isa = PBXFrameworksBuildPhase;
			buildActionMask = 2147483647;
			files = (
			);
			runOnlyForDeploymentPostprocessing = 0;
		};
		211CB25E27EB237A0021077B /* Frameworks */ = {
			isa = PBXFrameworksBuildPhase;
			buildActionMask = 2147483647;
			files = (
			);
			runOnlyForDeploymentPostprocessing = 0;
		};
/* End PBXFrameworksBuildPhase section */

/* Begin PBXGroup section */
		211CB23B27EB23790021077B = {
			isa = PBXGroup;
			children = (
				211CB24027EB23790021077B /* Shared */,
				211CB24F27EB237A0021077B /* macOS */,
				211CB25827EB237A0021077B /* Tests iOS */,
				211CB26427EB237A0021077B /* Tests macOS */,
				211CB24927EB237A0021077B /* Products */,
			);
			sourceTree = "<group>";
		};
		211CB24027EB23790021077B /* Shared */ = {
			isa = PBXGroup;
			children = (
				211CB24127EB23790021077B /* WaitAppApp.swift */,
				211CB24227EB23790021077B /* ContentView.swift */,
				211CB24327EB237A0021077B /* Assets.xcassets */,
			);
			path = Shared;
			sourceTree = "<group>";
		};
		211CB24927EB237A0021077B /* Products */ = {
			isa = PBXGroup;
			children = (
				211CB24827EB237A0021077B /* WaitApp.app */,
				211CB24E27EB237A0021077B /* WaitApp.app */,
				211CB25527EB237A0021077B /* Tests iOS.xctest */,
				211CB26127EB237A0021077B /* Tests macOS.xctest */,
			);
			name = Products;
			sourceTree = "<group>";
		};
		211CB24F27EB237A0021077B /* macOS */ = {
			isa = PBXGroup;
			children = (
				211CB25027EB237A0021077B /* macOS.entitlements */,
			);
			path = macOS;
			sourceTree = "<group>";
		};
		211CB25827EB237A0021077B /* Tests iOS */ = {
			isa = PBXGroup;
			children = (
				211CB25927EB237A0021077B /* Tests_iOS.swift */,
				211CB25B27EB237A0021077B /* Tests_iOSLaunchTests.swift */,
			);
			path = "Tests iOS";
			sourceTree = "<group>";
		};
		211CB26427EB237A0021077B /* Tests macOS */ = {
			isa = PBXGroup;
			children = (
				211CB26527EB237A0021077B /* Tests_macOS.swift */,
				211CB26727EB237A0021077B /* Tests_macOSLaunchTests.swift */,
			);
			path = "Tests macOS";
			sourceTree = "<group>";
		};
/* End PBXGroup section */

/* Begin PBXNativeTarget section */
		211CB24727EB237A0021077B /* WaitApp (iOS) */ = {
			isa = PBXNativeTarget;
			buildConfigurationList = 211CB27127EB237A0021077B /* Build configuration list for PBXNativeTarget "WaitApp (iOS)" */;
			buildPhases = (
				211CB24427EB237A0021077B /* Sources */,
				211CB24527EB237A0021077B /* Frameworks */,
				211CB24627EB237A0021077B /* Resources */,
			);
			buildRules = (
			);
			dependencies = (
			);
			name = "WaitApp (iOS)";
			productName = "WaitApp (iOS)";
			productReference = 211CB24827EB237A0021077B /* WaitApp.app */;
			productType = "com.apple.product-type.application";
		};
		211CB24D27EB237A0021077B /* WaitApp (macOS) */ = {
			isa = PBXNativeTarget;
			buildConfigurationList = 211CB27427EB237A0021077B /* Build configuration list for PBXNativeTarget "WaitApp (macOS)" */;
			buildPhases = (
				211CB24A27EB237A0021077B /* Sources */,
				211CB24B27EB237A0021077B /* Frameworks */,
				211CB24C27EB237A0021077B /* Resources */,
			);
			buildRules = (
			);
			dependencies = (
			);
			name = "WaitApp (macOS)";
			productName = "WaitApp (macOS)";
			productReference = 211CB24E27EB237A0021077B /* WaitApp.app */;
			productType = "com.apple.product-type.application";
		};
		211CB25427EB237A0021077B /* Tests iOS */ = {
			isa = PBXNativeTarget;
			buildConfigurationList = 211CB27727EB237A0021077B /* Build configuration list for PBXNativeTarget "Tests iOS" */;
			buildPhases = (
				211CB25127EB237A0021077B /* Sources */,
				211CB25227EB237A0021077B /* Frameworks */,
				211CB25327EB237A0021077B /* Resources */,
			);
			buildRules = (
			);
			dependencies = (
				211CB25727EB237A0021077B /* PBXTargetDependency */,
			);
			name = "Tests iOS";
			productName = "Tests iOS";
			productReference = 211CB25527EB237A0021077B /* Tests iOS.xctest */;
			productType = "com.apple.product-type.bundle.ui-testing";
		};
		211CB26027EB237A0021077B /* Tests macOS */ = {
			isa = PBXNativeTarget;
			buildConfigurationList = 211CB27A27EB237A0021077B /* Build configuration list for PBXNativeTarget "Tests macOS" */;
			buildPhases = (
				211CB25D27EB237A0021077B /* Sources */,
				211CB25E27EB237A0021077B /* Frameworks */,
				211CB25F27EB237A0021077B /* Resources */,
			);
			buildRules = (
			);
			dependencies = (
				211CB26327EB237A0021077B /* PBXTargetDependency */,
			);
			name = "Tests macOS";
			productName = "Tests macOS";
			productReference = 211CB26127EB237A0021077B /* Tests macOS.xctest */;
			productType = "com.apple.product-type.bundle.ui-testing";
		};
/* End PBXNativeTarget section */

/* Begin PBXProject section */
		211CB23C27EB23790021077B /* Project object */ = {
			isa = PBXProject;
			attributes = {
				BuildIndependentTargetsInParallel = 1;
				LastSwiftUpdateCheck = 1330;
				LastUpgradeCheck = 1330;
				TargetAttributes = {
					211CB24727EB237A0021077B = {
						CreatedOnToolsVersion = 13.3;
					};
					211CB24D27EB237A0021077B = {
						CreatedOnToolsVersion = 13.3;
					};
					211CB25427EB237A0021077B = {
						CreatedOnToolsVersion = 13.3;
						TestTargetID = 211CB24727EB237A0021077B;
					};
					211CB26027EB237A0021077B = {
						CreatedOnToolsVersion = 13.3;
						TestTargetID = 211CB24D27EB237A0021077B;
					};
				};
			};
			buildConfigurationList = 211CB23F27EB23790021077B /* Build configuration list for PBXProject "WaitApp" */;
			compatibilityVersion = "Xcode 13.0";
			developmentRegion = en;
			hasScannedForEncodings = 0;
			knownRegions = (
				en,
				Base,
			);
			mainGroup = 211CB23B27EB23790021077B;
			productRefGroup = 211CB24927EB237A0021077B /* Products */;
			projectDirPath = "";
			projectRoot = "";
			targets = (
				211CB24727EB237A0021077B /* WaitApp (iOS) */,
				211CB24D27EB237A0021077B /* WaitApp (macOS) */,
				211CB25427EB237A0021077B /* Tests iOS */,
				211CB26027EB237A0021077B /* Tests macOS */,
			);
		};
/* End PBXProject section */

/* Begin PBXResourcesBuildPhase section */
		211CB24627EB237A0021077B /* Resources */ = {
			isa = PBXResourcesBuildPhase;
			buildActionMask = 2147483647;
			files = (
				211CB26D27EB237A0021077B /* Assets.xcassets in Resources */,
			);
			runOnlyForDeploymentPostprocessing = 0;
		};
		211CB24C27EB237A0021077B /* Resources */ = {
			isa = PBXResourcesBuildPhase;
			buildActionMask = 2147483647;
			files = (
				211CB26E27EB237A0021077B /* Assets.xcassets in Resources */,
			);
			runOnlyForDeploymentPostprocessing = 0;
		};
		211CB25327EB237A0021077B /* Resources */ = {
			isa = PBXResourcesBuildPhase;
			buildActionMask = 2147483647;
			files = (
			);
			runOnlyForDeploymentPostprocessing = 0;
		};
		211CB25F27EB237A0021077B /* Resources */ = {
			isa = PBXResourcesBuildPhase;
			buildActionMask = 2147483647;
			files = (
			);
			runOnlyForDeploymentPostprocessing = 0;
		};
/* End PBXResourcesBuildPhase section */

/* Begin PBXSourcesBuildPhase section */
		211CB24427EB237A0021077B /* Sources */ = {
			isa = PBXSourcesBuildPhase;
			buildActionMask = 2147483647;
			files = (
				211CB26B27EB237A0021077B /* ContentView.swift in Sources */,
				211CB26927EB237A0021077B /* WaitAppApp.swift in Sources */,
			);
			runOnlyForDeploymentPostprocessing = 0;
		};
		211CB24A27EB237A0021077B /* Sources */ = {
			isa = PBXSourcesBuildPhase;
			buildActionMask = 2147483647;
			files = (
				211CB26C27EB237A0021077B /* ContentView.swift in Sources */,
				211CB26A27EB237A0021077B /* WaitAppApp.swift in Sources */,
			);
			runOnlyForDeploymentPostprocessing = 0;
		};
		211CB25127EB237A0021077B /* Sources */ = {
			isa = PBXSourcesBuildPhase;
			buildActionMask = 2147483647;
			files = (
				211CB25C27EB237A0021077B /* Tests_iOSLaunchTests.swift in Sources */,
				211CB25A27EB237A0021077B /* Tests_iOS.swift in Sources */,
			);
			runOnlyForDeploymentPostprocessing = 0;
		};
		211CB25D27EB237A0021077B /* Sources */ = {
			isa = PBXSourcesBuildPhase;
			buildActionMask = 2147483647;
			files = (
				211CB26827EB237A0021077B /* Tests_macOSLaunchTests.swift in Sources */,
				211CB26627EB237A0021077B /* Tests_macOS.swift in Sources */,
			);
			runOnlyForDeploymentPostprocessing = 0;
		};
/* End PBXSourcesBuildPhase section */

/* Begin PBXTargetDependency section */
		211CB25727EB237A0021077B /* PBXTargetDependency */ = {
			isa = PBXTargetDependency;
			target = 211CB24727EB237A0021077B /* WaitApp (iOS) */;
			targetProxy = 211CB25627EB237A0021077B /* PBXContainerItemProxy */;
		};
		211CB26327EB237A0021077B /* PBXTargetDependency */ = {
			isa = PBXTargetDependency;
			target = 211CB24D27EB237A0021077B /* WaitApp (macOS) */;
			targetProxy = 211CB26227EB237A0021077B /* PBXContainerItemProxy */;
		};
/* End PBXTargetDependency section */

/* Begin XCBuildConfiguration section */
		211CB26F27EB237A0021077B /* Debug */ = {
			isa = XCBuildConfiguration;
			buildSettings = {
				ALWAYS_SEARCH_USER_PATHS = NO;
				CLANG_ANALYZER_NONNULL = YES;
				CLANG_ANALYZER_NUMBER_OBJECT_CONVERSION = YES_AGGRESSIVE;
				CLANG_CXX_LANGUAGE_STANDARD = "gnu++17";
				CLANG_ENABLE_MODULES = YES;
				CLANG_ENABLE_OBJC_ARC = YES;
				CLANG_ENABLE_OBJC_WEAK = YES;
				CLANG_WARN_BLOCK_CAPTURE_AUTORELEASING = YES;
				CLANG_WARN_BOOL_CONVERSION = YES;
				CLANG_WARN_COMMA = YES;
				CLANG_WARN_CONSTANT_CONVERSION = YES;
				CLANG_WARN_DEPRECATED_OBJC_IMPLEMENTATIONS = YES;
				CLANG_WARN_DIRECT_OBJC_ISA_USAGE = YES_ERROR;
				CLANG_WARN_DOCUMENTATION_COMMENTS = YES;
				CLANG_WARN_EMPTY_BODY = YES;
				CLANG_WARN_ENUM_CONVERSION = YES;
				CLANG_WARN_INFINITE_RECURSION = YES;
				CLANG_WARN_INT_CONVERSION = YES;
				CLANG_WARN_NON_LITERAL_NULL_CONVERSION = YES;
				CLANG_WARN_OBJC_IMPLICIT_RETAIN_SELF = YES;
				CLANG_WARN_OBJC_LITERAL_CONVERSION = YES;
				CLANG_WARN_OBJC_ROOT_CLASS = YES_ERROR;
				CLANG_WARN_QUOTED_INCLUDE_IN_FRAMEWORK_HEADER = YES;
				CLANG_WARN_RANGE_LOOP_ANALYSIS = YES;
				CLANG_WARN_STRICT_PROTOTYPES = YES;
				CLANG_WARN_SUSPICIOUS_MOVE = YES;
				CLANG_WARN_UNGUARDED_AVAILABILITY = YES_AGGRESSIVE;
				CLANG_WARN_UNREACHABLE_CODE = YES;
				CLANG_WARN__DUPLICATE_METHOD_MATCH = YES;
				COPY_PHASE_STRIP = NO;
				DEBUG_INFORMATION_FORMAT = dwarf;
				ENABLE_STRICT_OBJC_MSGSEND = YES;
				ENABLE_TESTABILITY = YES;
				GCC_C_LANGUAGE_STANDARD = gnu11;
				GCC_DYNAMIC_NO_PIC = NO;
				GCC_NO_COMMON_BLOCKS = YES;
				GCC_OPTIMIZATION_LEVEL = 0;
				GCC_PREPROCESSOR_DEFINITIONS = (
					"DEBUG=1",
					"$(inherited)",
				);
				GCC_WARN_64_TO_32_BIT_CONVERSION = YES;
				GCC_WARN_ABOUT_RETURN_TYPE = YES_ERROR;
				GCC_WARN_UNDECLARED_SELECTOR = YES;
				GCC_WARN_UNINITIALIZED_AUTOS = YES_AGGRESSIVE;
				GCC_WARN_UNUSED_FUNCTION = YES;
				GCC_WARN_UNUSED_VARIABLE = YES;
				MTL_ENABLE_DEBUG_INFO = INCLUDE_SOURCE;
				MTL_FAST_MATH = YES;
				ONLY_ACTIVE_ARCH = YES;
				SWIFT_ACTIVE_COMPILATION_CONDITIONS = DEBUG;
				SWIFT_OPTIMIZATION_LEVEL = "-Onone";
			};
			name = Debug;
		};
		211CB27027EB237A0021077B /* Release */ = {
			isa = XCBuildConfiguration;
			buildSettings = {
				ALWAYS_SEARCH_USER_PATHS = NO;
				CLANG_ANALYZER_NONNULL = YES;
				CLANG_ANALYZER_NUMBER_OBJECT_CONVERSION = YES_AGGRESSIVE;
				CLANG_CXX_LANGUAGE_STANDARD = "gnu++17";
				CLANG_ENABLE_MODULES = YES;
				CLANG_ENABLE_OBJC_ARC = YES;
				CLANG_ENABLE_OBJC_WEAK = YES;
				CLANG_WARN_BLOCK_CAPTURE_AUTORELEASING = YES;
				CLANG_WARN_BOOL_CONVERSION = YES;
				CLANG_WARN_COMMA = YES;
				CLANG_WARN_CONSTANT_CONVERSION = YES;
				CLANG_WARN_DEPRECATED_OBJC_IMPLEMENTATIONS = YES;
				CLANG_WARN_DIRECT_OBJC_ISA_USAGE = YES_ERROR;
				CLANG_WARN_DOCUMENTATION_COMMENTS = YES;
				CLANG_WARN_EMPTY_BODY = YES;
				CLANG_WARN_ENUM_CONVERSION = YES;
				CLANG_WARN_INFINITE_RECURSION = YES;
				CLANG_WARN_INT_CONVERSION = YES;
				CLANG_WARN_NON_LITERAL_NULL_CONVERSION = YES;
				CLANG_WARN_OBJC_IMPLICIT_RETAIN_SELF = YES;
				CLANG_WARN_OBJC_LITERAL_CONVERSION = YES;
				CLANG_WARN_OBJC_ROOT_CLASS = YES_ERROR;
				CLANG_WARN_QUOTED_INCLUDE_IN_FRAMEWORK_HEADER = YES;
				CLANG_WARN_RANGE_LOOP_ANALYSIS = YES;
				CLANG_WARN_STRICT_PROTOTYPES = YES;
				CLANG_WARN_SUSPICIOUS_MOVE = YES;
				CLANG_WARN_UNGUARDED_AVAILABILITY = YES_AGGRESSIVE;
				CLANG_WARN_UNREACHABLE_CODE = YES;
				CLANG_WARN__DUPLICATE_METHOD_MATCH = YES;
				COPY_PHASE_STRIP = NO;
				DEBUG_INFORMATION_FORMAT = "dwarf-with-dsym";
				ENABLE_NS_ASSERTIONS = NO;
				ENABLE_STRICT_OBJC_MSGSEND = YES;
				GCC_C_LANGUAGE_STANDARD = gnu11;
				GCC_NO_COMMON_BLOCKS = YES;
				GCC_WARN_64_TO_32_BIT_CONVERSION = YES;
				GCC_WARN_ABOUT_RETURN_TYPE = YES_ERROR;
				GCC_WARN_UNDECLARED_SELECTOR = YES;
				GCC_WARN_UNINITIALIZED_AUTOS = YES_AGGRESSIVE;
				GCC_WARN_UNUSED_FUNCTION = YES;
				GCC_WARN_UNUSED_VARIABLE = YES;
				MTL_ENABLE_DEBUG_INFO = NO;
				MTL_FAST_MATH = YES;
				SWIFT_COMPILATION_MODE = wholemodule;
				SWIFT_OPTIMIZATION_LEVEL = "-O";
			};
			name = Release;
		};
		211CB27227EB237A0021077B /* Debug */ = {
			isa = XCBuildConfiguration;
			buildSettings = {
				ASSETCATALOG_COMPILER_APPICON_NAME = AppIcon;
				ASSETCATALOG_COMPILER_GLOBAL_ACCENT_COLOR_NAME = AccentColor;
				CODE_SIGN_STYLE = Automatic;
				CURRENT_PROJECT_VERSION = 1;
				DEVELOPMENT_TEAM = L295MT4VTH;
				ENABLE_PREVIEWS = YES;
				GENERATE_INFOPLIST_FILE = YES;
				INFOPLIST_KEY_UIApplicationSceneManifest_Generation = YES;
				INFOPLIST_KEY_UIApplicationSupportsIndirectInputEvents = YES;
				INFOPLIST_KEY_UILaunchScreen_Generation = YES;
				INFOPLIST_KEY_UISupportedInterfaceOrientations_iPad = "UIInterfaceOrientationPortrait UIInterfaceOrientationPortraitUpsideDown UIInterfaceOrientationLandscapeLeft UIInterfaceOrientationLandscapeRight";
				INFOPLIST_KEY_UISupportedInterfaceOrientations_iPhone = "UIInterfaceOrientationPortrait UIInterfaceOrientationLandscapeLeft UIInterfaceOrientationLandscapeRight";
				IPHONEOS_DEPLOYMENT_TARGET = 15.4;
				LD_RUNPATH_SEARCH_PATHS = (
					"$(inherited)",
					"@executable_path/Frameworks",
				);
				MARKETING_VERSION = 1.0;
				PRODUCT_BUNDLE_IDENTIFIER = PERTAMAKS.WaitApp;
				PRODUCT_NAME = WaitApp;
				SDKROOT = iphoneos;
				SWIFT_EMIT_LOC_STRINGS = YES;
				SWIFT_VERSION = 5.0;
				TARGETED_DEVICE_FAMILY = "1,2";
			};
			name = Debug;
		};
		211CB27327EB237A0021077B /* Release */ = {
			isa = XCBuildConfiguration;
			buildSettings = {
				ASSETCATALOG_COMPILER_APPICON_NAME = AppIcon;
				ASSETCATALOG_COMPILER_GLOBAL_ACCENT_COLOR_NAME = AccentColor;
				CODE_SIGN_STYLE = Automatic;
				CURRENT_PROJECT_VERSION = 1;
				DEVELOPMENT_TEAM = L295MT4VTH;
				ENABLE_PREVIEWS = YES;
				GENERATE_INFOPLIST_FILE = YES;
				INFOPLIST_KEY_UIApplicationSceneManifest_Generation = YES;
				INFOPLIST_KEY_UIApplicationSupportsIndirectInputEvents = YES;
				INFOPLIST_KEY_UILaunchScreen_Generation = YES;
				INFOPLIST_KEY_UISupportedInterfaceOrientations_iPad = "UIInterfaceOrientationPortrait UIInterfaceOrientationPortraitUpsideDown UIInterfaceOrientationLandscapeLeft UIInterfaceOrientationLandscapeRight";
				INFOPLIST_KEY_UISupportedInterfaceOrientations_iPhone = "UIInterfaceOrientationPortrait UIInterfaceOrientationLandscapeLeft UIInterfaceOrientationLandscapeRight";
				IPHONEOS_DEPLOYMENT_TARGET = 15.4;
				LD_RUNPATH_SEARCH_PATHS = (
					"$(inherited)",
					"@executable_path/Frameworks",
				);
				MARKETING_VERSION = 1.0;
				PRODUCT_BUNDLE_IDENTIFIER = PERTAMAKS.WaitApp;
				PRODUCT_NAME = WaitApp;
				SDKROOT = iphoneos;
				SWIFT_EMIT_LOC_STRINGS = YES;
				SWIFT_VERSION = 5.0;
				TARGETED_DEVICE_FAMILY = "1,2";
				VALIDATE_PRODUCT = YES;
			};
			name = Release;
		};
		211CB27527EB237A0021077B /* Debug */ = {
			isa = XCBuildConfiguration;
			buildSettings = {
				ASSETCATALOG_COMPILER_APPICON_NAME = AppIcon;
				ASSETCATALOG_COMPILER_GLOBAL_ACCENT_COLOR_NAME = AccentColor;
				CODE_SIGN_ENTITLEMENTS = macOS/macOS.entitlements;
				CODE_SIGN_STYLE = Automatic;
				COMBINE_HIDPI_IMAGES = YES;
				CURRENT_PROJECT_VERSION = 1;
				DEVELOPMENT_TEAM = L295MT4VTH;
				ENABLE_HARDENED_RUNTIME = YES;
				ENABLE_PREVIEWS = YES;
				GENERATE_INFOPLIST_FILE = YES;
				INFOPLIST_KEY_NSHumanReadableCopyright = "";
				LD_RUNPATH_SEARCH_PATHS = (
					"$(inherited)",
					"@executable_path/../Frameworks",
				);
				MACOSX_DEPLOYMENT_TARGET = 12.2;
				MARKETING_VERSION = 1.0;
				PRODUCT_BUNDLE_IDENTIFIER = PERTAMAKS.WaitApp;
				PRODUCT_NAME = WaitApp;
				SDKROOT = macosx;
				SWIFT_EMIT_LOC_STRINGS = YES;
				SWIFT_VERSION = 5.0;
			};
			name = Debug;
		};
		211CB27627EB237A0021077B /* Release */ = {
			isa = XCBuildConfiguration;
			buildSettings = {
				ASSETCATALOG_COMPILER_APPICON_NAME = AppIcon;
				ASSETCATALOG_COMPILER_GLOBAL_ACCENT_COLOR_NAME = AccentColor;
				CODE_SIGN_ENTITLEMENTS = macOS/macOS.entitlements;
				CODE_SIGN_STYLE = Automatic;
				COMBINE_HIDPI_IMAGES = YES;
				CURRENT_PROJECT_VERSION = 1;
				DEVELOPMENT_TEAM = L295MT4VTH;
				ENABLE_HARDENED_RUNTIME = YES;
				ENABLE_PREVIEWS = YES;
				GENERATE_INFOPLIST_FILE = YES;
				INFOPLIST_KEY_NSHumanReadableCopyright = "";
				LD_RUNPATH_SEARCH_PATHS = (
					"$(inherited)",
					"@executable_path/../Frameworks",
				);
				MACOSX_DEPLOYMENT_TARGET = 12.2;
				MARKETING_VERSION = 1.0;
				PRODUCT_BUNDLE_IDENTIFIER = PERTAMAKS.WaitApp;
				PRODUCT_NAME = WaitApp;
				SDKROOT = macosx;
				SWIFT_EMIT_LOC_STRINGS = YES;
				SWIFT_VERSION = 5.0;
			};
			name = Release;
		};
		211CB27827EB237A0021077B /* Debug */ = {
			isa = XCBuildConfiguration;
			buildSettings = {
				ALWAYS_EMBED_SWIFT_STANDARD_LIBRARIES = YES;
				CODE_SIGN_STYLE = Automatic;
				CURRENT_PROJECT_VERSION = 1;
				DEVELOPMENT_TEAM = L295MT4VTH;
				GENERATE_INFOPLIST_FILE = YES;
				IPHONEOS_DEPLOYMENT_TARGET = 15.4;
				MARKETING_VERSION = 1.0;
				PRODUCT_BUNDLE_IDENTIFIER = "PERTAMAKS.Tests-iOS";
				PRODUCT_NAME = "$(TARGET_NAME)";
				SDKROOT = iphoneos;
				SWIFT_EMIT_LOC_STRINGS = NO;
				SWIFT_VERSION = 5.0;
				TARGETED_DEVICE_FAMILY = "1,2";
				TEST_TARGET_NAME = "WaitApp (iOS)";
			};
			name = Debug;
		};
		211CB27927EB237A0021077B /* Release */ = {
			isa = XCBuildConfiguration;
			buildSettings = {
				ALWAYS_EMBED_SWIFT_STANDARD_LIBRARIES = YES;
				CODE_SIGN_STYLE = Automatic;
				CURRENT_PROJECT_VERSION = 1;
				DEVELOPMENT_TEAM = L295MT4VTH;
				GENERATE_INFOPLIST_FILE = YES;
				IPHONEOS_DEPLOYMENT_TARGET = 15.4;
				MARKETING_VERSION = 1.0;
				PRODUCT_BUNDLE_IDENTIFIER = "PERTAMAKS.Tests-iOS";
				PRODUCT_NAME = "$(TARGET_NAME)";
				SDKROOT = iphoneos;
				SWIFT_EMIT_LOC_STRINGS = NO;
				SWIFT_VERSION = 5.0;
				TARGETED_DEVICE_FAMILY = "1,2";
				TEST_TARGET_NAME = "WaitApp (iOS)";
				VALIDATE_PRODUCT = YES;
			};
			name = Release;
		};
		211CB27B27EB237A0021077B /* Debug */ = {
			isa = XCBuildConfiguration;
			buildSettings = {
				ALWAYS_EMBED_SWIFT_STANDARD_LIBRARIES = YES;
				CODE_SIGN_STYLE = Automatic;
				CURRENT_PROJECT_VERSION = 1;
				DEVELOPMENT_TEAM = L295MT4VTH;
				GENERATE_INFOPLIST_FILE = YES;
				MACOSX_DEPLOYMENT_TARGET = 12.2;
				MARKETING_VERSION = 1.0;
				PRODUCT_BUNDLE_IDENTIFIER = "PERTAMAKS.Tests-macOS";
				PRODUCT_NAME = "$(TARGET_NAME)";
				SDKROOT = macosx;
				SWIFT_EMIT_LOC_STRINGS = NO;
				SWIFT_VERSION = 5.0;
				TEST_TARGET_NAME = "WaitApp (macOS)";
			};
			name = Debug;
		};
		211CB27C27EB237A0021077B /* Release */ = {
			isa = XCBuildConfiguration;
			buildSettings = {
				ALWAYS_EMBED_SWIFT_STANDARD_LIBRARIES = YES;
				CODE_SIGN_STYLE = Automatic;
				CURRENT_PROJECT_VERSION = 1;
				DEVELOPMENT_TEAM = L295MT4VTH;
				GENERATE_INFOPLIST_FILE = YES;
				MACOSX_DEPLOYMENT_TARGET = 12.2;
				MARKETING_VERSION = 1.0;
				PRODUCT_BUNDLE_IDENTIFIER = "PERTAMAKS.Tests-macOS";
				PRODUCT_NAME = "$(TARGET_NAME)";
				SDKROOT = macosx;
				SWIFT_EMIT_LOC_STRINGS = NO;
				SWIFT_VERSION = 5.0;
				TEST_TARGET_NAME = "WaitApp (macOS)";
			};
			name = Release;
		};
/* End XCBuildConfiguration section */

/* Begin XCConfigurationList section */
		211CB23F27EB23790021077B /* Build configuration list for PBXProject "WaitApp" */ = {
			isa = XCConfigurationList;
			buildConfigurations = (
				211CB26F27EB237A0021077B /* Debug */,
				211CB27027EB237A0021077B /* Release */,
			);
			defaultConfigurationIsVisible = 0;
			defaultConfigurationName = Release;
		};
		211CB27127EB237A0021077B /* Build configuration list for PBXNativeTarget "WaitApp (iOS)" */ = {
			isa = XCConfigurationList;
			buildConfigurations = (
				211CB27227EB237A0021077B /* Debug */,
				211CB27327EB237A0021077B /* Release */,
			);
			defaultConfigurationIsVisible = 0;
			defaultConfigurationName = Release;
		};
		211CB27427EB237A0021077B /* Build configuration list for PBXNativeTarget "WaitApp (macOS)" */ = {
			isa = XCConfigurationList;
			buildConfigurations = (
				211CB27527EB237A0021077B /* Debug */,
				211CB27627EB237A0021077B /* Release */,
			);
			defaultConfigurationIsVisible = 0;
			defaultConfigurationName = Release;
		};
		211CB27727EB237A0021077B /* Build configuration list for PBXNativeTarget "Tests iOS" */ = {
			isa = XCConfigurationList;
			buildConfigurations = (
				211CB27827EB237A0021077B /* Debug */,
				211CB27927EB237A0021077B /* Release */,
			);
			defaultConfigurationIsVisible = 0;
			defaultConfigurationName = Release;
		};
		211CB27A27EB237A0021077B /* Build configuration list for PBXNativeTarget "Tests macOS" */ = {
			isa = XCConfigurationList;
			buildConfigurations = (
				211CB27B27EB237A0021077B /* Debug */,
				211CB27C27EB237A0021077B /* Release */,
			);
			defaultConfigurationIsVisible = 0;
			defaultConfigurationName = Release;
		};
/* End XCConfigurationList section */
	};
	rootObject = 211CB23C27EB23790021077B /* Project object */;
}
